
Microsoft Visual Studio Solution File, Format Version 12.00
# Visual Studio Version 16
VisualStudioVersion = 16.0.29609.76
MinimumVisualStudioVersion = 15.0.26124.0
Project("{2150E333-8FDC-42A3-9474-1A3956D46DE8}") = "src", "src", "{C397A34C-84F1-49E7-AEBC-2F9F2B196216}"
EndProject
Project("{2150E333-8FDC-42A3-9474-1A3956D46DE8}") = "tests", "tests", "{ACBEE43C-7A88-4FB1-9B06-DB064D22B29F}"
EndProject
Project("{6EC3EE1D-3C4E-46DD-8F32-0CC8E7565705}") = "NpgsqlFSharpAnalyzer.Tests", "tests\NpgsqlFSharpAnalyzer.Tests\NpgsqlFSharpAnalyzer.Tests.fsproj", "{1CA2E092-2320-451D-A4F0-9ED7C7C528CA}"
EndProject
Project("{6EC3EE1D-3C4E-46DD-8F32-0CC8E7565705}") = "NpgsqlFSharpAnalyzer", "src\NpgsqlFSharpAnalyzer\NpgsqlFSharpAnalyzer.fsproj", "{AAFC4496-746A-44AC-A4B1-CECC4ADED6CD}"
EndProject
Project("{2150E333-8FDC-42A3-9474-1A3956D46DE8}") = "examples", "examples", "{4CA3F686-DFAB-4AAF-8004-4158E18EF24E}"
EndProject
Project("{6EC3EE1D-3C4E-46DD-8F32-0CC8E7565705}") = "examples", "tests\examples\hashing\examples.fsproj", "{8FC9B600-2A16-4E0C-89D7-F61F5F315F3E}"
EndProject
Project("{2150E333-8FDC-42A3-9474-1A3956D46DE8}") = "Solution Items", "Solution Items", "{9FE862DE-53F7-490B-AE5B-B5AD43FFE671}"
	ProjectSection(SolutionItems) = preProject
		.gitignore = .gitignore
		.travis.yml = .travis.yml
		appveyor.yml = appveyor.yml
		build.cmd = build.cmd
		build.fsx = build.fsx
		build.sh = build.sh
		paket.dependencies = paket.dependencies
		paket.lock = paket.lock
		README.md = README.md
		RELEASE_NOTES.md = RELEASE_NOTES.md
	EndProjectSection
EndProject
Project("{FAE04EC0-301F-11D3-BF4B-00C04F79EFBC}") = "NpgsqlFSharpVs", "src\NpgsqlFSharpVs\NpgsqlFSharpVs.csproj", "{37577282-1289-40DB-AD3D-24499BD09DAE}"
EndProject
Project("{6EC3EE1D-3C4E-46DD-8F32-0CC8E7565705}") = "NpgsqlFSharpAnalyzer.Core", "src\NpgsqlFSharpAnalyzer.Core\NpgsqlFSharpAnalyzer.Core.fsproj", "{5964BB56-97B8-4FAE-9933-8113DB11438D}"
EndProject
Project("{6EC3EE1D-3C4E-46DD-8F32-0CC8E7565705}") = "NpgsqlFSharpParser", "src\NpgsqlFSharpParser\NpgsqlFSharpParser.fsproj", "{BC524F8E-6282-4E31-9A0E-29FCE38832E7}"
EndProject
Project("{9A19103F-16F7-4668-BE54-9A1E7A4F7556}") = "FParsecCS", "src\FParsecCS\FParsecCS.csproj", "{C5EB813F-4278-4EE7-925B-6757BAD0FE9B}"
EndProject
Project("{6EC3EE1D-3C4E-46DD-8F32-0CC8E7565705}") = "FParsec", "src\FParsec\FParsec.fsproj", "{9C8E7641-9DC8-470C-8009-71A747C01DC5}"
EndProject
Global
	GlobalSection(SolutionConfigurationPlatforms) = preSolution
		Debug|Any CPU = Debug|Any CPU
		Debug|x64 = Debug|x64
		Debug|x86 = Debug|x86
		Release|Any CPU = Release|Any CPU
		Release|x64 = Release|x64
		Release|x86 = Release|x86
	EndGlobalSection
	GlobalSection(ProjectConfigurationPlatforms) = postSolution
		{1CA2E092-2320-451D-A4F0-9ED7C7C528CA}.Debug|Any CPU.ActiveCfg = Debug|Any CPU
		{1CA2E092-2320-451D-A4F0-9ED7C7C528CA}.Debug|Any CPU.Build.0 = Debug|Any CPU
		{1CA2E092-2320-451D-A4F0-9ED7C7C528CA}.Debug|x64.ActiveCfg = Debug|Any CPU
		{1CA2E092-2320-451D-A4F0-9ED7C7C528CA}.Debug|x64.Build.0 = Debug|Any CPU
		{1CA2E092-2320-451D-A4F0-9ED7C7C528CA}.Debug|x86.ActiveCfg = Debug|Any CPU
		{1CA2E092-2320-451D-A4F0-9ED7C7C528CA}.Debug|x86.Build.0 = Debug|Any CPU
		{1CA2E092-2320-451D-A4F0-9ED7C7C528CA}.Release|Any CPU.ActiveCfg = Release|Any CPU
		{1CA2E092-2320-451D-A4F0-9ED7C7C528CA}.Release|Any CPU.Build.0 = Release|Any CPU
		{1CA2E092-2320-451D-A4F0-9ED7C7C528CA}.Release|x64.ActiveCfg = Release|Any CPU
		{1CA2E092-2320-451D-A4F0-9ED7C7C528CA}.Release|x64.Build.0 = Release|Any CPU
		{1CA2E092-2320-451D-A4F0-9ED7C7C528CA}.Release|x86.ActiveCfg = Release|Any CPU
		{1CA2E092-2320-451D-A4F0-9ED7C7C528CA}.Release|x86.Build.0 = Release|Any CPU
		{AAFC4496-746A-44AC-A4B1-CECC4ADED6CD}.Debug|Any CPU.ActiveCfg = Debug|Any CPU
		{AAFC4496-746A-44AC-A4B1-CECC4ADED6CD}.Debug|Any CPU.Build.0 = Debug|Any CPU
		{AAFC4496-746A-44AC-A4B1-CECC4ADED6CD}.Debug|x64.ActiveCfg = Debug|Any CPU
		{AAFC4496-746A-44AC-A4B1-CECC4ADED6CD}.Debug|x64.Build.0 = Debug|Any CPU
		{AAFC4496-746A-44AC-A4B1-CECC4ADED6CD}.Debug|x86.ActiveCfg = Debug|Any CPU
		{AAFC4496-746A-44AC-A4B1-CECC4ADED6CD}.Debug|x86.Build.0 = Debug|Any CPU
		{AAFC4496-746A-44AC-A4B1-CECC4ADED6CD}.Release|Any CPU.ActiveCfg = Release|Any CPU
		{AAFC4496-746A-44AC-A4B1-CECC4ADED6CD}.Release|Any CPU.Build.0 = Release|Any CPU
		{AAFC4496-746A-44AC-A4B1-CECC4ADED6CD}.Release|x64.ActiveCfg = Release|Any CPU
		{AAFC4496-746A-44AC-A4B1-CECC4ADED6CD}.Release|x64.Build.0 = Release|Any CPU
		{AAFC4496-746A-44AC-A4B1-CECC4ADED6CD}.Release|x86.ActiveCfg = Release|Any CPU
		{AAFC4496-746A-44AC-A4B1-CECC4ADED6CD}.Release|x86.Build.0 = Release|Any CPU
		{8FC9B600-2A16-4E0C-89D7-F61F5F315F3E}.Debug|Any CPU.ActiveCfg = Debug|Any CPU
		{8FC9B600-2A16-4E0C-89D7-F61F5F315F3E}.Debug|Any CPU.Build.0 = Debug|Any CPU
		{8FC9B600-2A16-4E0C-89D7-F61F5F315F3E}.Debug|x64.ActiveCfg = Debug|Any CPU
		{8FC9B600-2A16-4E0C-89D7-F61F5F315F3E}.Debug|x64.Build.0 = Debug|Any CPU
		{8FC9B600-2A16-4E0C-89D7-F61F5F315F3E}.Debug|x86.ActiveCfg = Debug|Any CPU
		{8FC9B600-2A16-4E0C-89D7-F61F5F315F3E}.Debug|x86.Build.0 = Debug|Any CPU
		{8FC9B600-2A16-4E0C-89D7-F61F5F315F3E}.Release|Any CPU.ActiveCfg = Release|Any CPU
		{8FC9B600-2A16-4E0C-89D7-F61F5F315F3E}.Release|Any CPU.Build.0 = Release|Any CPU
		{8FC9B600-2A16-4E0C-89D7-F61F5F315F3E}.Release|x64.ActiveCfg = Release|Any CPU
		{8FC9B600-2A16-4E0C-89D7-F61F5F315F3E}.Release|x64.Build.0 = Release|Any CPU
		{8FC9B600-2A16-4E0C-89D7-F61F5F315F3E}.Release|x86.ActiveCfg = Release|Any CPU
		{8FC9B600-2A16-4E0C-89D7-F61F5F315F3E}.Release|x86.Build.0 = Release|Any CPU
		{37577282-1289-40DB-AD3D-24499BD09DAE}.Debug|Any CPU.ActiveCfg = Debug|Any CPU
		{37577282-1289-40DB-AD3D-24499BD09DAE}.Debug|Any CPU.Build.0 = Debug|Any CPU
		{37577282-1289-40DB-AD3D-24499BD09DAE}.Debug|x64.ActiveCfg = Debug|Any CPU
		{37577282-1289-40DB-AD3D-24499BD09DAE}.Debug|x64.Build.0 = Debug|Any CPU
		{37577282-1289-40DB-AD3D-24499BD09DAE}.Debug|x86.ActiveCfg = Debug|Any CPU
		{37577282-1289-40DB-AD3D-24499BD09DAE}.Debug|x86.Build.0 = Debug|Any CPU
		{37577282-1289-40DB-AD3D-24499BD09DAE}.Release|Any CPU.ActiveCfg = Release|Any CPU
		{37577282-1289-40DB-AD3D-24499BD09DAE}.Release|Any CPU.Build.0 = Release|Any CPU
		{37577282-1289-40DB-AD3D-24499BD09DAE}.Release|x64.ActiveCfg = Release|Any CPU
		{37577282-1289-40DB-AD3D-24499BD09DAE}.Release|x64.Build.0 = Release|Any CPU
		{37577282-1289-40DB-AD3D-24499BD09DAE}.Release|x86.ActiveCfg = Release|Any CPU
		{37577282-1289-40DB-AD3D-24499BD09DAE}.Release|x86.Build.0 = Release|Any CPU
		{5964BB56-97B8-4FAE-9933-8113DB11438D}.Debug|Any CPU.ActiveCfg = Debug|Any CPU
		{5964BB56-97B8-4FAE-9933-8113DB11438D}.Debug|Any CPU.Build.0 = Debug|Any CPU
		{5964BB56-97B8-4FAE-9933-8113DB11438D}.Debug|x64.ActiveCfg = Debug|Any CPU
		{5964BB56-97B8-4FAE-9933-8113DB11438D}.Debug|x64.Build.0 = Debug|Any CPU
		{5964BB56-97B8-4FAE-9933-8113DB11438D}.Debug|x86.ActiveCfg = Debug|Any CPU
		{5964BB56-97B8-4FAE-9933-8113DB11438D}.Debug|x86.Build.0 = Debug|Any CPU
		{5964BB56-97B8-4FAE-9933-8113DB11438D}.Release|Any CPU.ActiveCfg = Release|Any CPU
		{5964BB56-97B8-4FAE-9933-8113DB11438D}.Release|Any CPU.Build.0 = Release|Any CPU
		{5964BB56-97B8-4FAE-9933-8113DB11438D}.Release|x64.ActiveCfg = Release|Any CPU
		{5964BB56-97B8-4FAE-9933-8113DB11438D}.Release|x64.Build.0 = Release|Any CPU
		{5964BB56-97B8-4FAE-9933-8113DB11438D}.Release|x86.ActiveCfg = Release|Any CPU
		{5964BB56-97B8-4FAE-9933-8113DB11438D}.Release|x86.Build.0 = Release|Any CPU
		{BC524F8E-6282-4E31-9A0E-29FCE38832E7}.Debug|Any CPU.ActiveCfg = Debug|Any CPU
		{BC524F8E-6282-4E31-9A0E-29FCE38832E7}.Debug|Any CPU.Build.0 = Debug|Any CPU
		{BC524F8E-6282-4E31-9A0E-29FCE38832E7}.Debug|x64.ActiveCfg = Debug|Any CPU
		{BC524F8E-6282-4E31-9A0E-29FCE38832E7}.Debug|x64.Build.0 = Debug|Any CPU
		{BC524F8E-6282-4E31-9A0E-29FCE38832E7}.Debug|x86.ActiveCfg = Debug|Any CPU
		{BC524F8E-6282-4E31-9A0E-29FCE38832E7}.Debug|x86.Build.0 = Debug|Any CPU
		{BC524F8E-6282-4E31-9A0E-29FCE38832E7}.Release|Any CPU.ActiveCfg = Release|Any CPU
		{BC524F8E-6282-4E31-9A0E-29FCE38832E7}.Release|Any CPU.Build.0 = Release|Any CPU
		{BC524F8E-6282-4E31-9A0E-29FCE38832E7}.Release|x64.ActiveCfg = Release|Any CPU
		{BC524F8E-6282-4E31-9A0E-29FCE38832E7}.Release|x64.Build.0 = Release|Any CPU
		{BC524F8E-6282-4E31-9A0E-29FCE38832E7}.Release|x86.ActiveCfg = Release|Any CPU
		{BC524F8E-6282-4E31-9A0E-29FCE38832E7}.Release|x86.Build.0 = Release|Any CPU
		{C5EB813F-4278-4EE7-925B-6757BAD0FE9B}.Debug|Any CPU.ActiveCfg = Debug|Any CPU
		{C5EB813F-4278-4EE7-925B-6757BAD0FE9B}.Debug|Any CPU.Build.0 = Debug|Any CPU
		{C5EB813F-4278-4EE7-925B-6757BAD0FE9B}.Debug|x64.ActiveCfg = Debug|Any CPU
		{C5EB813F-4278-4EE7-925B-6757BAD0FE9B}.Debug|x64.Build.0 = Debug|Any CPU
		{C5EB813F-4278-4EE7-925B-6757BAD0FE9B}.Debug|x86.ActiveCfg = Debug|Any CPU
		{C5EB813F-4278-4EE7-925B-6757BAD0FE9B}.Debug|x86.Build.0 = Debug|Any CPU
		{C5EB813F-4278-4EE7-925B-6757BAD0FE9B}.Release|Any CPU.ActiveCfg = Release|Any CPU
		{C5EB813F-4278-4EE7-925B-6757BAD0FE9B}.Release|Any CPU.Build.0 = Release|Any CPU
		{C5EB813F-4278-4EE7-925B-6757BAD0FE9B}.Release|x64.ActiveCfg = Release|Any CPU
		{C5EB813F-4278-4EE7-925B-6757BAD0FE9B}.Release|x64.Build.0 = Release|Any CPU
		{C5EB813F-4278-4EE7-925B-6757BAD0FE9B}.Release|x86.ActiveCfg = Release|Any CPU
		{C5EB813F-4278-4EE7-925B-6757BAD0FE9B}.Release|x86.Build.0 = Release|Any CPU
		{9C8E7641-9DC8-470C-8009-71A747C01DC5}.Debug|Any CPU.ActiveCfg = Debug|Any CPU
		{9C8E7641-9DC8-470C-8009-71A747C01DC5}.Debug|Any CPU.Build.0 = Debug|Any CPU
		{9C8E7641-9DC8-470C-8009-71A747C01DC5}.Debug|x64.ActiveCfg = Debug|Any CPU
		{9C8E7641-9DC8-470C-8009-71A747C01DC5}.Debug|x64.Build.0 = Debug|Any CPU
		{9C8E7641-9DC8-470C-8009-71A747C01DC5}.Debug|x86.ActiveCfg = Debug|Any CPU
		{9C8E7641-9DC8-470C-8009-71A747C01DC5}.Debug|x86.Build.0 = Debug|Any CPU
		{9C8E7641-9DC8-470C-8009-71A747C01DC5}.Release|Any CPU.ActiveCfg = Release|Any CPU
		{9C8E7641-9DC8-470C-8009-71A747C01DC5}.Release|Any CPU.Build.0 = Release|Any CPU
		{9C8E7641-9DC8-470C-8009-71A747C01DC5}.Release|x64.ActiveCfg = Release|Any CPU
		{9C8E7641-9DC8-470C-8009-71A747C01DC5}.Release|x64.Build.0 = Release|Any CPU
		{9C8E7641-9DC8-470C-8009-71A747C01DC5}.Release|x86.ActiveCfg = Release|Any CPU
		{9C8E7641-9DC8-470C-8009-71A747C01DC5}.Release|x86.Build.0 = Release|Any CPU
	EndGlobalSection
	GlobalSection(SolutionProperties) = preSolution
		HideSolutionNode = FALSE
	EndGlobalSection
	GlobalSection(NestedProjects) = preSolution
		{1CA2E092-2320-451D-A4F0-9ED7C7C528CA} = {ACBEE43C-7A88-4FB1-9B06-DB064D22B29F}
		{AAFC4496-746A-44AC-A4B1-CECC4ADED6CD} = {C397A34C-84F1-49E7-AEBC-2F9F2B196216}
		{4CA3F686-DFAB-4AAF-8004-4158E18EF24E} = {ACBEE43C-7A88-4FB1-9B06-DB064D22B29F}
		{8FC9B600-2A16-4E0C-89D7-F61F5F315F3E} = {4CA3F686-DFAB-4AAF-8004-4158E18EF24E}
		{37577282-1289-40DB-AD3D-24499BD09DAE} = {C397A34C-84F1-49E7-AEBC-2F9F2B196216}
		{5964BB56-97B8-4FAE-9933-8113DB11438D} = {C397A34C-84F1-49E7-AEBC-2F9F2B196216}
		{BC524F8E-6282-4E31-9A0E-29FCE38832E7} = {C397A34C-84F1-49E7-AEBC-2F9F2B196216}
		{C5EB813F-4278-4EE7-925B-6757BAD0FE9B} = {C397A34C-84F1-49E7-AEBC-2F9F2B196216}
		{9C8E7641-9DC8-470C-8009-71A747C01DC5} = {C397A34C-84F1-49E7-AEBC-2F9F2B196216}
	EndGlobalSection
	GlobalSection(ExtensibilityGlobals) = postSolution
		SolutionGuid = {BC821061-2FB3-4ABD-9FA1-044D4C59C475}
	EndGlobalSection
EndGlobal
